
Microsoft Visual Studio Solution File, Format Version 12.00
# Visual Studio Version 17
VisualStudioVersion = 17.4.33122.133
MinimumVisualStudioVersion = 10.0.40219.1
Project("{9A19103F-16F7-4668-BE54-9A1E7A4F7556}") = "UserService.API", "UserService.API\UserService.API.csproj", "{5EBD7DC5-1B9E-415D-8903-13359E4C28E8}"
EndProject
Project("{2150E333-8FDC-42A3-9474-1A3956D46DE8}") = "API", "API", "{C07E4A69-665E-45F4-9658-7A972DD0027A}"
EndProject
Project("{2150E333-8FDC-42A3-9474-1A3956D46DE8}") = "Domain", "Domain", "{03AD0436-E5BF-4799-9712-EDB40C89D180}"
EndProject
Project("{2150E333-8FDC-42A3-9474-1A3956D46DE8}") = "Infrastructure", "Infrastructure", "{9E9FB0BC-DE85-4B13-881C-755629F321DA}"
EndProject
Project("{2150E333-8FDC-42A3-9474-1A3956D46DE8}") = "Tests", "Tests", "{D06C33F6-F8DA-443E-9CE5-192D143BA434}"
EndProject
Project("{2150E333-8FDC-42A3-9474-1A3956D46DE8}") = "Application", "Application", "{4919A0B2-91ED-4005-9901-50CC02C987B2}"
EndProject
Project("{9A19103F-16F7-4668-BE54-9A1E7A4F7556}") = "Application", "Application\Application.csproj", "{3CE86DA3-23CC-41A0-930F-18BABD5D82B3}"
EndProject
Project("{9A19103F-16F7-4668-BE54-9A1E7A4F7556}") = "Domain", "Domain\Domain.csproj", "{0905E366-941A-43EF-9B1E-28B6B49195FB}"
EndProject
Project("{9A19103F-16F7-4668-BE54-9A1E7A4F7556}") = "Infrastructure", "Infrastructure\Infrastructure.csproj", "{5A484FA0-72E8-4369-848B-DC572350277C}"
EndProject
Project("{9A19103F-16F7-4668-BE54-9A1E7A4F7556}") = "Tests", "Tests\Tests.csproj", "{EE48E486-7FA9-4846-84D7-34BBA8283E8A}"
EndProject
Project("{9A19103F-16F7-4668-BE54-9A1E7A4F7556}") = "Crosscutting.IOC", "Crosscutting.IOC\Crosscutting.IOC.csproj", "{482B91B0-2885-496C-AD61-7A6681DDB9CF}"
EndProject
Project("{2150E333-8FDC-42A3-9474-1A3956D46DE8}") = "Crosscutting", "Crosscutting", "{C6E0FD5D-9EC3-4786-B7A1-3302816D5294}"
EndProject
Project("{E53339B2-1760-4266-BCC7-CA923CBCF16C}") = "docker-compose", "docker-compose.dcproj", "{48359C85-3BE7-4303-8EAA-C63EB12AD680}"
EndProject
Project("{2150E333-8FDC-42A3-9474-1A3956D46DE8}") = "0 - Compose", "0 - Compose", "{A8F73169-9AA3-4440-B19A-0FE2779065BA}"
EndProject
Global
	GlobalSection(SolutionConfigurationPlatforms) = preSolution
		Debug|Any CPU = Debug|Any CPU
		Release|Any CPU = Release|Any CPU
	EndGlobalSection
	GlobalSection(ProjectConfigurationPlatforms) = postSolution
		{5EBD7DC5-1B9E-415D-8903-13359E4C28E8}.Debug|Any CPU.ActiveCfg = Debug|Any CPU
		{5EBD7DC5-1B9E-415D-8903-13359E4C28E8}.Debug|Any CPU.Build.0 = Debug|Any CPU
		{5EBD7DC5-1B9E-415D-8903-13359E4C28E8}.Release|Any CPU.ActiveCfg = Release|Any CPU
		{5EBD7DC5-1B9E-415D-8903-13359E4C28E8}.Release|Any CPU.Build.0 = Release|Any CPU
		{3CE86DA3-23CC-41A0-930F-18BABD5D82B3}.Debug|Any CPU.ActiveCfg = Debug|Any CPU
		{3CE86DA3-23CC-41A0-930F-18BABD5D82B3}.Debug|Any CPU.Build.0 = Debug|Any CPU
		{3CE86DA3-23CC-41A0-930F-18BABD5D82B3}.Release|Any CPU.ActiveCfg = Release|Any CPU
		{3CE86DA3-23CC-41A0-930F-18BABD5D82B3}.Release|Any CPU.Build.0 = Release|Any CPU
		{0905E366-941A-43EF-9B1E-28B6B49195FB}.Debug|Any CPU.ActiveCfg = Debug|Any CPU
		{0905E366-941A-43EF-9B1E-28B6B49195FB}.Debug|Any CPU.Build.0 = Debug|Any CPU
		{0905E366-941A-43EF-9B1E-28B6B49195FB}.Release|Any CPU.ActiveCfg = Release|Any CPU
		{0905E366-941A-43EF-9B1E-28B6B49195FB}.Release|Any CPU.Build.0 = Release|Any CPU
		{5A484FA0-72E8-4369-848B-DC572350277C}.Debug|Any CPU.ActiveCfg = Debug|Any CPU
		{5A484FA0-72E8-4369-848B-DC572350277C}.Debug|Any CPU.Build.0 = Debug|Any CPU
		{5A484FA0-72E8-4369-848B-DC572350277C}.Release|Any CPU.ActiveCfg = Release|Any CPU
		{5A484FA0-72E8-4369-848B-DC572350277C}.Release|Any CPU.Build.0 = Release|Any CPU
		{EE48E486-7FA9-4846-84D7-34BBA8283E8A}.Debug|Any CPU.ActiveCfg = Debug|Any CPU
		{EE48E486-7FA9-4846-84D7-34BBA8283E8A}.Debug|Any CPU.Build.0 = Debug|Any CPU
		{EE48E486-7FA9-4846-84D7-34BBA8283E8A}.Release|Any CPU.ActiveCfg = Release|Any CPU
		{EE48E486-7FA9-4846-84D7-34BBA8283E8A}.Release|Any CPU.Build.0 = Release|Any CPU
		{482B91B0-2885-496C-AD61-7A6681DDB9CF}.Debug|Any CPU.ActiveCfg = Debug|Any CPU
		{482B91B0-2885-496C-AD61-7A6681DDB9CF}.Debug|Any CPU.Build.0 = Debug|Any CPU
		{482B91B0-2885-496C-AD61-7A6681DDB9CF}.Release|Any CPU.ActiveCfg = Release|Any CPU
		{482B91B0-2885-496C-AD61-7A6681DDB9CF}.Release|Any CPU.Build.0 = Release|Any CPU
		{48359C85-3BE7-4303-8EAA-C63EB12AD680}.Debug|Any CPU.ActiveCfg = Debug|Any CPU
		{48359C85-3BE7-4303-8EAA-C63EB12AD680}.Debug|Any CPU.Build.0 = Debug|Any CPU
		{48359C85-3BE7-4303-8EAA-C63EB12AD680}.Release|Any CPU.ActiveCfg = Release|Any CPU
		{48359C85-3BE7-4303-8EAA-C63EB12AD680}.Release|Any CPU.Build.0 = Release|Any CPU
	EndGlobalSection
	GlobalSection(SolutionProperties) = preSolution
		HideSolutionNode = FALSE
	EndGlobalSection
	GlobalSection(NestedProjects) = preSolution
		{5EBD7DC5-1B9E-415D-8903-13359E4C28E8} = {C07E4A69-665E-45F4-9658-7A972DD0027A}
		{3CE86DA3-23CC-41A0-930F-18BABD5D82B3} = {4919A0B2-91ED-4005-9901-50CC02C987B2}
		{0905E366-941A-43EF-9B1E-28B6B49195FB} = {03AD0436-E5BF-4799-9712-EDB40C89D180}
		{5A484FA0-72E8-4369-848B-DC572350277C} = {9E9FB0BC-DE85-4B13-881C-755629F321DA}
		{EE48E486-7FA9-4846-84D7-34BBA8283E8A} = {D06C33F6-F8DA-443E-9CE5-192D143BA434}
		{482B91B0-2885-496C-AD61-7A6681DDB9CF} = {C6E0FD5D-9EC3-4786-B7A1-3302816D5294}
		{48359C85-3BE7-4303-8EAA-C63EB12AD680} = {A8F73169-9AA3-4440-B19A-0FE2779065BA}
	EndGlobalSection
	GlobalSection(ExtensibilityGlobals) = postSolution
		SolutionGuid = {B6A53431-7F57-48DA-B516-573FC9EEFF70}
	EndGlobalSection
EndGlobal
